
Microsoft Visual Studio Solution File, Format Version 12.00
# Visual Studio Version 17
VisualStudioVersion = 17.2.32526.322
MinimumVisualStudioVersion = 10.0.40219.1
Project("{2150E333-8FDC-42A3-9474-1A3956D46DE8}") = "Testing", "Testing", "{C78E569B-45B7-4BBE-80B4-1A18624AFC14}"
EndProject
Project("{2150E333-8FDC-42A3-9474-1A3956D46DE8}") = "Testing.TestData", "Testing.TestData", "{8A0DE072-8B37-4692-A582-52587BE70C4A}"
EndProject
Project("{2150E333-8FDC-42A3-9474-1A3956D46DE8}") = "Testing.Tests", "Testing.Tests", "{CF3CE833-2D6B-40B3-BCF1-1D3118DE341F}"
EndProject
Project("{FAE04EC0-301F-11D3-BF4B-00C04F79EFBC}") = "Testing.TestData.AspNetCore", "Testing.TestData.AspNetCore\Testing.TestData.AspNetCore.csproj", "{D18A785C-59E4-4C0C-BF6E-53B232352FDF}"
EndProject
Project("{FAE04EC0-301F-11D3-BF4B-00C04F79EFBC}") = "Testing.Tests.AspNet.NUnit", "Testing.Tests.AspNet.NUnit\Testing.Tests.AspNet.NUnit.csproj", "{A045850D-938C-4927-886F-BB86ABE50D1D}"
EndProject
Project("{2150E333-8FDC-42A3-9474-1A3956D46DE8}") = "Src", "Src", "{1744C692-7EB7-4819-8A15-532512EF0E2E}"
EndProject
Project("{FAE04EC0-301F-11D3-BF4B-00C04F79EFBC}") = "FlueFlame.AspNetCore", "FlueFlame.AspNetCore\FlueFlame.AspNetCore.csproj", "{1AFAF2F4-6324-4A78-92D1-64265F025979}"
EndProject
Project("{2150E333-8FDC-42A3-9474-1A3956D46DE8}") = "AspNet", "AspNet", "{B03B773D-FBE5-46F0-A9C9-0EF093AD6ACA}"
EndProject
Project("{FAE04EC0-301F-11D3-BF4B-00C04F79EFBC}") = "Testing.Tests.AspNet.xUnit", "Testing.Tests.AspNet.xUnit\Testing.Tests.AspNet.xUnit.csproj", "{D547B4B4-35A3-41CD-A28C-5369F841E8FE}"
EndProject
Project("{2150E333-8FDC-42A3-9474-1A3956D46DE8}") = "Testing.TestData.AspNet", "Testing.TestData.AspNet", "{90422D40-46FE-4B3E-B49F-00AF128E9020}"
EndProject
Project("{2150E333-8FDC-42A3-9474-1A3956D46DE8}") = "UnitTests", "UnitTests", "{AC800CDB-9241-4CC6-9898-FA5E9AD01E64}"
EndProject
Project("{FAE04EC0-301F-11D3-BF4B-00C04F79EFBC}") = "Testing.Tests.UnitTests", "Testing.Tests.UnitTests\Testing.Tests.UnitTests.csproj", "{890AAE6A-4B6D-458D-B6B0-F0A5078813A3}"
EndProject
Project("{FAE04EC0-301F-11D3-BF4B-00C04F79EFBC}") = "FlueFlame.Core", "FlueFlame.Core\FlueFlame.Core.csproj", "{A7410BE7-4DFF-41C2-9033-BDB278ED9D8B}"
EndProject
Project("{FAE04EC0-301F-11D3-BF4B-00C04F79EFBC}") = "FlueFlame.AspNetCore.SignalR", "FlueFlame.AspNetCore.SignalR\FlueFlame.AspNetCore.SignalR.csproj", "{F3A599C3-42AA-42FB-8E5E-B91EF909E842}"
EndProject
Project("{FAE04EC0-301F-11D3-BF4B-00C04F79EFBC}") = "FlueFlame.AspNetCore.Grpc", "FlueFlame.AspNetCore.Grpc\FlueFlame.AspNetCore.Grpc.csproj", "{9DEE978A-F38B-4F8A-B8E0-CCCFBB11B2A5}"
EndProject
Project("{FAE04EC0-301F-11D3-BF4B-00C04F79EFBC}") = "FlueFlame.Http", "FlueFlame.Http\FlueFlame.Http.csproj", "{1E11A077-C803-44C0-BC19-B5AAA756C858}"
EndProject
Project("{FAE04EC0-301F-11D3-BF4B-00C04F79EFBC}") = "FlueFlame.Serialization.Newtonsoft", "FlueFlame.Serialization.Newtonsoft\FlueFlame.Serialization.Newtonsoft.csproj", "{11B7815E-AB0D-4CA5-A166-48A5BC79F588}"
EndProject
Global
	GlobalSection(SolutionConfigurationPlatforms) = preSolution
		Debug|Any CPU = Debug|Any CPU
		Release|Any CPU = Release|Any CPU
	EndGlobalSection
	GlobalSection(ProjectConfigurationPlatforms) = postSolution
		{D18A785C-59E4-4C0C-BF6E-53B232352FDF}.Debug|Any CPU.ActiveCfg = Debug|Any CPU
		{D18A785C-59E4-4C0C-BF6E-53B232352FDF}.Debug|Any CPU.Build.0 = Debug|Any CPU
		{D18A785C-59E4-4C0C-BF6E-53B232352FDF}.Release|Any CPU.ActiveCfg = Release|Any CPU
		{D18A785C-59E4-4C0C-BF6E-53B232352FDF}.Release|Any CPU.Build.0 = Release|Any CPU
		{A045850D-938C-4927-886F-BB86ABE50D1D}.Debug|Any CPU.ActiveCfg = Debug|Any CPU
		{A045850D-938C-4927-886F-BB86ABE50D1D}.Debug|Any CPU.Build.0 = Debug|Any CPU
		{A045850D-938C-4927-886F-BB86ABE50D1D}.Release|Any CPU.ActiveCfg = Release|Any CPU
		{A045850D-938C-4927-886F-BB86ABE50D1D}.Release|Any CPU.Build.0 = Release|Any CPU
		{1AFAF2F4-6324-4A78-92D1-64265F025979}.Debug|Any CPU.ActiveCfg = Debug|Any CPU
		{1AFAF2F4-6324-4A78-92D1-64265F025979}.Debug|Any CPU.Build.0 = Debug|Any CPU
		{1AFAF2F4-6324-4A78-92D1-64265F025979}.Release|Any CPU.ActiveCfg = Release|Any CPU
		{1AFAF2F4-6324-4A78-92D1-64265F025979}.Release|Any CPU.Build.0 = Release|Any CPU
		{D547B4B4-35A3-41CD-A28C-5369F841E8FE}.Debug|Any CPU.ActiveCfg = Debug|Any CPU
		{D547B4B4-35A3-41CD-A28C-5369F841E8FE}.Debug|Any CPU.Build.0 = Debug|Any CPU
		{D547B4B4-35A3-41CD-A28C-5369F841E8FE}.Release|Any CPU.ActiveCfg = Release|Any CPU
		{D547B4B4-35A3-41CD-A28C-5369F841E8FE}.Release|Any CPU.Build.0 = Release|Any CPU
		{890AAE6A-4B6D-458D-B6B0-F0A5078813A3}.Debug|Any CPU.ActiveCfg = Debug|Any CPU
		{890AAE6A-4B6D-458D-B6B0-F0A5078813A3}.Debug|Any CPU.Build.0 = Debug|Any CPU
		{890AAE6A-4B6D-458D-B6B0-F0A5078813A3}.Release|Any CPU.ActiveCfg = Release|Any CPU
		{890AAE6A-4B6D-458D-B6B0-F0A5078813A3}.Release|Any CPU.Build.0 = Release|Any CPU
		{A7410BE7-4DFF-41C2-9033-BDB278ED9D8B}.Debug|Any CPU.ActiveCfg = Debug|Any CPU
		{A7410BE7-4DFF-41C2-9033-BDB278ED9D8B}.Debug|Any CPU.Build.0 = Debug|Any CPU
		{A7410BE7-4DFF-41C2-9033-BDB278ED9D8B}.Release|Any CPU.ActiveCfg = Release|Any CPU
		{A7410BE7-4DFF-41C2-9033-BDB278ED9D8B}.Release|Any CPU.Build.0 = Release|Any CPU
		{F3A599C3-42AA-42FB-8E5E-B91EF909E842}.Debug|Any CPU.ActiveCfg = Debug|Any CPU
		{F3A599C3-42AA-42FB-8E5E-B91EF909E842}.Debug|Any CPU.Build.0 = Debug|Any CPU
		{F3A599C3-42AA-42FB-8E5E-B91EF909E842}.Release|Any CPU.ActiveCfg = Release|Any CPU
		{F3A599C3-42AA-42FB-8E5E-B91EF909E842}.Release|Any CPU.Build.0 = Release|Any CPU
		{9DEE978A-F38B-4F8A-B8E0-CCCFBB11B2A5}.Debug|Any CPU.ActiveCfg = Debug|Any CPU
		{9DEE978A-F38B-4F8A-B8E0-CCCFBB11B2A5}.Debug|Any CPU.Build.0 = Debug|Any CPU
		{9DEE978A-F38B-4F8A-B8E0-CCCFBB11B2A5}.Release|Any CPU.ActiveCfg = Release|Any CPU
		{9DEE978A-F38B-4F8A-B8E0-CCCFBB11B2A5}.Release|Any CPU.Build.0 = Release|Any CPU
		{1E11A077-C803-44C0-BC19-B5AAA756C858}.Debug|Any CPU.ActiveCfg = Debug|Any CPU
		{1E11A077-C803-44C0-BC19-B5AAA756C858}.Debug|Any CPU.Build.0 = Debug|Any CPU
		{1E11A077-C803-44C0-BC19-B5AAA756C858}.Release|Any CPU.ActiveCfg = Release|Any CPU
		{1E11A077-C803-44C0-BC19-B5AAA756C858}.Release|Any CPU.Build.0 = Release|Any CPU
		{11B7815E-AB0D-4CA5-A166-48A5BC79F588}.Debug|Any CPU.ActiveCfg = Debug|Any CPU
		{11B7815E-AB0D-4CA5-A166-48A5BC79F588}.Debug|Any CPU.Build.0 = Debug|Any CPU
		{11B7815E-AB0D-4CA5-A166-48A5BC79F588}.Release|Any CPU.ActiveCfg = Release|Any CPU
		{11B7815E-AB0D-4CA5-A166-48A5BC79F588}.Release|Any CPU.Build.0 = Release|Any CPU
	EndGlobalSection
	GlobalSection(SolutionProperties) = preSolution
		HideSolutionNode = FALSE
	EndGlobalSection
	GlobalSection(ExtensibilityGlobals) = postSolution
		SolutionGuid = {B78CE7FF-3BF6-4C3E-87E4-DA086493CBE9}
	EndGlobalSection
	GlobalSection(NestedProjects) = preSolution
		{8A0DE072-8B37-4692-A582-52587BE70C4A} = {C78E569B-45B7-4BBE-80B4-1A18624AFC14}
		{CF3CE833-2D6B-40B3-BCF1-1D3118DE341F} = {C78E569B-45B7-4BBE-80B4-1A18624AFC14}
		{B03B773D-FBE5-46F0-A9C9-0EF093AD6ACA} = {CF3CE833-2D6B-40B3-BCF1-1D3118DE341F}
		{A045850D-938C-4927-886F-BB86ABE50D1D} = {B03B773D-FBE5-46F0-A9C9-0EF093AD6ACA}
		{D547B4B4-35A3-41CD-A28C-5369F841E8FE} = {B03B773D-FBE5-46F0-A9C9-0EF093AD6ACA}
		{90422D40-46FE-4B3E-B49F-00AF128E9020} = {8A0DE072-8B37-4692-A582-52587BE70C4A}
		{D18A785C-59E4-4C0C-BF6E-53B232352FDF} = {90422D40-46FE-4B3E-B49F-00AF128E9020}
		{AC800CDB-9241-4CC6-9898-FA5E9AD01E64} = {CF3CE833-2D6B-40B3-BCF1-1D3118DE341F}
		{890AAE6A-4B6D-458D-B6B0-F0A5078813A3} = {AC800CDB-9241-4CC6-9898-FA5E9AD01E64}
		{A7410BE7-4DFF-41C2-9033-BDB278ED9D8B} = {1744C692-7EB7-4819-8A15-532512EF0E2E}
		{1E11A077-C803-44C0-BC19-B5AAA756C858} = {1744C692-7EB7-4819-8A15-532512EF0E2E}
		{1AFAF2F4-6324-4A78-92D1-64265F025979} = {1744C692-7EB7-4819-8A15-532512EF0E2E}
		{9DEE978A-F38B-4F8A-B8E0-CCCFBB11B2A5} = {1744C692-7EB7-4819-8A15-532512EF0E2E}
		{F3A599C3-42AA-42FB-8E5E-B91EF909E842} = {1744C692-7EB7-4819-8A15-532512EF0E2E}
		{11B7815E-AB0D-4CA5-A166-48A5BC79F588} = {1744C692-7EB7-4819-8A15-532512EF0E2E}
	EndGlobalSection
EndGlobal
