
Microsoft Visual Studio Solution File, Format Version 12.00
# Visual Studio Version 17
VisualStudioVersion = 17.2.32526.322
MinimumVisualStudioVersion = 10.0.40219.1
Project("{2150E333-8FDC-42A3-9474-1A3956D46DE8}") = "Testing", "Testing", "{C78E569B-45B7-4BBE-80B4-1A18624AFC14}"
EndProject
Project("{2150E333-8FDC-42A3-9474-1A3956D46DE8}") = "Testing.TestData", "Testing.TestData", "{8A0DE072-8B37-4692-A582-52587BE70C4A}"
EndProject
Project("{2150E333-8FDC-42A3-9474-1A3956D46DE8}") = "Testing.Tests", "Testing.Tests", "{CF3CE833-2D6B-40B3-BCF1-1D3118DE341F}"
EndProject
Project("{FAE04EC0-301F-11D3-BF4B-00C04F79EFBC}") = "Testing.TestData.AspNetCore", "Testing.TestData.AspNetCore\Testing.TestData.AspNetCore.csproj", "{D18A785C-59E4-4C0C-BF6E-53B232352FDF}"
EndProject
Project("{FAE04EC0-301F-11D3-BF4B-00C04F79EFBC}") = "Testing.Tests.AspNet.NUnit", "Testing.Tests.AspNet.NUnit\Testing.Tests.AspNet.NUnit.csproj", "{A045850D-938C-4927-886F-BB86ABE50D1D}"
EndProject
Project("{2150E333-8FDC-42A3-9474-1A3956D46DE8}") = "Src", "Src", "{1744C692-7EB7-4819-8A15-532512EF0E2E}"
EndProject
Project("{FAE04EC0-301F-11D3-BF4B-00C04F79EFBC}") = "FlueFlame.AspNetCore", "FlueFlame.AspNetCore\FlueFlame.AspNetCore.csproj", "{1AFAF2F4-6324-4A78-92D1-64265F025979}"
EndProject
Project("{2150E333-8FDC-42A3-9474-1A3956D46DE8}") = "AspNet", "AspNet", "{DDE621A7-04CF-4211-8D51-828D7D88D7D8}"
EndProject
Project("{2150E333-8FDC-42A3-9474-1A3956D46DE8}") = "Wpf", "Wpf", "{79D9EB65-A409-4104-9059-41A19B5D34FA}"
EndProject
Project("{2150E333-8FDC-42A3-9474-1A3956D46DE8}") = "MAUI", "MAUI", "{3D0BFEC5-831A-4006-9FA4-B9465E61F6C3}"
EndProject
Project("{2150E333-8FDC-42A3-9474-1A3956D46DE8}") = "AspNet", "AspNet", "{B03B773D-FBE5-46F0-A9C9-0EF093AD6ACA}"
EndProject
Project("{FAE04EC0-301F-11D3-BF4B-00C04F79EFBC}") = "AlbaExplor", "AlbaExplor\AlbaExplor.csproj", "{B2C4B2BC-64EF-4D56-B542-8C15BEC32615}"
EndProject
Project("{FAE04EC0-301F-11D3-BF4B-00C04F79EFBC}") = "Testing.Tests.AspNet.xUnit", "Testing.Tests.AspNet.xUnit\Testing.Tests.AspNet.xUnit.csproj", "{D547B4B4-35A3-41CD-A28C-5369F841E8FE}"
EndProject
Project("{FAE04EC0-301F-11D3-BF4B-00C04F79EFBC}") = "FlueFlame.Extensions.Assertions.NUnit", "FlueFlame.Extensions.Assertions.NUnit\FlueFlame.Extensions.Assertions.NUnit.csproj", "{B8B9C3C3-584C-40A3-945C-FFAD8E504839}"
EndProject
Project("{FAE04EC0-301F-11D3-BF4B-00C04F79EFBC}") = "FlueFlame.Extensions.Assertions.xUnit", "FlueFlame.Extensions.Assertions.xUnit\FlueFlame.Extensions.Assertions.xUnit.csproj", "{D870F9C5-71FA-4F9B-9458-D0C84F80815F}"
EndProject
Global
	GlobalSection(SolutionConfigurationPlatforms) = preSolution
		Debug|Any CPU = Debug|Any CPU
		Release|Any CPU = Release|Any CPU
	EndGlobalSection
	GlobalSection(ProjectConfigurationPlatforms) = postSolution
		{D18A785C-59E4-4C0C-BF6E-53B232352FDF}.Debug|Any CPU.ActiveCfg = Debug|Any CPU
		{D18A785C-59E4-4C0C-BF6E-53B232352FDF}.Debug|Any CPU.Build.0 = Debug|Any CPU
		{D18A785C-59E4-4C0C-BF6E-53B232352FDF}.Release|Any CPU.ActiveCfg = Release|Any CPU
		{D18A785C-59E4-4C0C-BF6E-53B232352FDF}.Release|Any CPU.Build.0 = Release|Any CPU
		{A045850D-938C-4927-886F-BB86ABE50D1D}.Debug|Any CPU.ActiveCfg = Debug|Any CPU
		{A045850D-938C-4927-886F-BB86ABE50D1D}.Debug|Any CPU.Build.0 = Debug|Any CPU
		{A045850D-938C-4927-886F-BB86ABE50D1D}.Release|Any CPU.ActiveCfg = Release|Any CPU
		{A045850D-938C-4927-886F-BB86ABE50D1D}.Release|Any CPU.Build.0 = Release|Any CPU
		{1AFAF2F4-6324-4A78-92D1-64265F025979}.Debug|Any CPU.ActiveCfg = Debug|Any CPU
		{1AFAF2F4-6324-4A78-92D1-64265F025979}.Debug|Any CPU.Build.0 = Debug|Any CPU
		{1AFAF2F4-6324-4A78-92D1-64265F025979}.Release|Any CPU.ActiveCfg = Release|Any CPU
		{1AFAF2F4-6324-4A78-92D1-64265F025979}.Release|Any CPU.Build.0 = Release|Any CPU
		{B2C4B2BC-64EF-4D56-B542-8C15BEC32615}.Debug|Any CPU.ActiveCfg = Debug|Any CPU
		{B2C4B2BC-64EF-4D56-B542-8C15BEC32615}.Debug|Any CPU.Build.0 = Debug|Any CPU
		{B2C4B2BC-64EF-4D56-B542-8C15BEC32615}.Release|Any CPU.ActiveCfg = Release|Any CPU
		{B2C4B2BC-64EF-4D56-B542-8C15BEC32615}.Release|Any CPU.Build.0 = Release|Any CPU
		{D547B4B4-35A3-41CD-A28C-5369F841E8FE}.Debug|Any CPU.ActiveCfg = Debug|Any CPU
		{D547B4B4-35A3-41CD-A28C-5369F841E8FE}.Debug|Any CPU.Build.0 = Debug|Any CPU
		{D547B4B4-35A3-41CD-A28C-5369F841E8FE}.Release|Any CPU.ActiveCfg = Release|Any CPU
		{D547B4B4-35A3-41CD-A28C-5369F841E8FE}.Release|Any CPU.Build.0 = Release|Any CPU
		{B8B9C3C3-584C-40A3-945C-FFAD8E504839}.Debug|Any CPU.ActiveCfg = Debug|Any CPU
		{B8B9C3C3-584C-40A3-945C-FFAD8E504839}.Debug|Any CPU.Build.0 = Debug|Any CPU
		{B8B9C3C3-584C-40A3-945C-FFAD8E504839}.Release|Any CPU.ActiveCfg = Release|Any CPU
		{B8B9C3C3-584C-40A3-945C-FFAD8E504839}.Release|Any CPU.Build.0 = Release|Any CPU
		{D870F9C5-71FA-4F9B-9458-D0C84F80815F}.Debug|Any CPU.ActiveCfg = Debug|Any CPU
		{D870F9C5-71FA-4F9B-9458-D0C84F80815F}.Debug|Any CPU.Build.0 = Debug|Any CPU
		{D870F9C5-71FA-4F9B-9458-D0C84F80815F}.Release|Any CPU.ActiveCfg = Release|Any CPU
		{D870F9C5-71FA-4F9B-9458-D0C84F80815F}.Release|Any CPU.Build.0 = Release|Any CPU
	EndGlobalSection
	GlobalSection(SolutionProperties) = preSolution
		HideSolutionNode = FALSE
	EndGlobalSection
	GlobalSection(ExtensibilityGlobals) = postSolution
		SolutionGuid = {B78CE7FF-3BF6-4C3E-87E4-DA086493CBE9}
	EndGlobalSection
	GlobalSection(NestedProjects) = preSolution
		{8A0DE072-8B37-4692-A582-52587BE70C4A} = {C78E569B-45B7-4BBE-80B4-1A18624AFC14}
		{CF3CE833-2D6B-40B3-BCF1-1D3118DE341F} = {C78E569B-45B7-4BBE-80B4-1A18624AFC14}
		{D18A785C-59E4-4C0C-BF6E-53B232352FDF} = {8A0DE072-8B37-4692-A582-52587BE70C4A}
		{DDE621A7-04CF-4211-8D51-828D7D88D7D8} = {1744C692-7EB7-4819-8A15-532512EF0E2E}
		{79D9EB65-A409-4104-9059-41A19B5D34FA} = {1744C692-7EB7-4819-8A15-532512EF0E2E}
		{3D0BFEC5-831A-4006-9FA4-B9465E61F6C3} = {1744C692-7EB7-4819-8A15-532512EF0E2E}
		{1AFAF2F4-6324-4A78-92D1-64265F025979} = {DDE621A7-04CF-4211-8D51-828D7D88D7D8}
		{B03B773D-FBE5-46F0-A9C9-0EF093AD6ACA} = {CF3CE833-2D6B-40B3-BCF1-1D3118DE341F}
		{A045850D-938C-4927-886F-BB86ABE50D1D} = {B03B773D-FBE5-46F0-A9C9-0EF093AD6ACA}
		{B2C4B2BC-64EF-4D56-B542-8C15BEC32615} = {B03B773D-FBE5-46F0-A9C9-0EF093AD6ACA}
		{D547B4B4-35A3-41CD-A28C-5369F841E8FE} = {B03B773D-FBE5-46F0-A9C9-0EF093AD6ACA}
		{B8B9C3C3-584C-40A3-945C-FFAD8E504839} = {DDE621A7-04CF-4211-8D51-828D7D88D7D8}
		{D870F9C5-71FA-4F9B-9458-D0C84F80815F} = {DDE621A7-04CF-4211-8D51-828D7D88D7D8}
	EndGlobalSection
EndGlobal
