
Microsoft Visual Studio Solution File, Format Version 12.00
# Visual Studio Version 17
VisualStudioVersion = 17.2.32526.322
MinimumVisualStudioVersion = 10.0.40219.1
Project("{2150E333-8FDC-42A3-9474-1A3956D46DE8}") = "Tests", "Tests", "{C78E569B-45B7-4BBE-80B4-1A18624AFC14}"
EndProject
Project("{2150E333-8FDC-42A3-9474-1A3956D46DE8}") = "Tests.TestData", "Tests.TestData", "{8A0DE072-8B37-4692-A582-52587BE70C4A}"
EndProject
Project("{2150E333-8FDC-42A3-9474-1A3956D46DE8}") = "Tests.Integration", "Tests.Integration", "{CF3CE833-2D6B-40B3-BCF1-1D3118DE341F}"
EndProject
Project("{FAE04EC0-301F-11D3-BF4B-00C04F79EFBC}") = "Testing.TestData.AspNetCore", "Testing.TestData.AspNetCore\Testing.TestData.AspNetCore.csproj", "{D18A785C-59E4-4C0C-BF6E-53B232352FDF}"
EndProject
Project("{FAE04EC0-301F-11D3-BF4B-00C04F79EFBC}") = "Testing.Tests.AspNet.NUnit", "Testing.Tests.AspNet.NUnit\Testing.Tests.AspNet.NUnit.csproj", "{A045850D-938C-4927-886F-BB86ABE50D1D}"
EndProject
Project("{2150E333-8FDC-42A3-9474-1A3956D46DE8}") = "Src", "Src", "{1744C692-7EB7-4819-8A15-532512EF0E2E}"
EndProject
Project("{FAE04EC0-301F-11D3-BF4B-00C04F79EFBC}") = "FlueFlame.AspNetCore", "FlueFlame.AspNetCore\FlueFlame.AspNetCore.csproj", "{1AFAF2F4-6324-4A78-92D1-64265F025979}"
EndProject
Project("{FAE04EC0-301F-11D3-BF4B-00C04F79EFBC}") = "Testing.Tests.AspNet.xUnit", "Testing.Tests.AspNet.xUnit\Testing.Tests.AspNet.xUnit.csproj", "{D547B4B4-35A3-41CD-A28C-5369F841E8FE}"
EndProject
Project("{2150E333-8FDC-42A3-9474-1A3956D46DE8}") = "Tests.Unit", "Tests.Unit", "{AC800CDB-9241-4CC6-9898-FA5E9AD01E64}"
EndProject
Project("{FAE04EC0-301F-11D3-BF4B-00C04F79EFBC}") = "Tests.Unit.Core", "Tests.Unit.Core\Tests.Unit.Core.csproj", "{890AAE6A-4B6D-458D-B6B0-F0A5078813A3}"
EndProject
Project("{FAE04EC0-301F-11D3-BF4B-00C04F79EFBC}") = "FlueFlame.Core", "FlueFlame.Core\FlueFlame.Core.csproj", "{A7410BE7-4DFF-41C2-9033-BDB278ED9D8B}"
EndProject
Project("{FAE04EC0-301F-11D3-BF4B-00C04F79EFBC}") = "FlueFlame.AspNetCore.SignalR", "FlueFlame.AspNetCore.SignalR\FlueFlame.AspNetCore.SignalR.csproj", "{F3A599C3-42AA-42FB-8E5E-B91EF909E842}"
EndProject
Project("{FAE04EC0-301F-11D3-BF4B-00C04F79EFBC}") = "FlueFlame.AspNetCore.Grpc", "FlueFlame.AspNetCore.Grpc\FlueFlame.AspNetCore.Grpc.csproj", "{9DEE978A-F38B-4F8A-B8E0-CCCFBB11B2A5}"
EndProject
Project("{FAE04EC0-301F-11D3-BF4B-00C04F79EFBC}") = "FlueFlame.Http", "FlueFlame.Http\FlueFlame.Http.csproj", "{1E11A077-C803-44C0-BC19-B5AAA756C858}"
EndProject
Project("{FAE04EC0-301F-11D3-BF4B-00C04F79EFBC}") = "FlueFlame.Serialization.Newtonsoft", "FlueFlame.Serialization.Newtonsoft\FlueFlame.Serialization.Newtonsoft.csproj", "{11B7815E-AB0D-4CA5-A166-48A5BC79F588}"
EndProject
Project("{FAE04EC0-301F-11D3-BF4B-00C04F79EFBC}") = "Tests.Unit.FlueFlame.Core", "Tests.Unit.FlueFlame.Core\Tests.Unit.FlueFlame.Core.csproj", "{4FC4E3A2-7D4F-4D22-9D91-8C3BFC332364}"
EndProject
Project("{FAE04EC0-301F-11D3-BF4B-00C04F79EFBC}") = "Tests.Unit.FlueFlame.Http", "Tests.Unit.FlueFlame.Http\Tests.Unit.FlueFlame.Http.csproj", "{F9CDA32E-3785-47C6-8076-3B21DF3D595D}"
EndProject
Project("{FAE04EC0-301F-11D3-BF4B-00C04F79EFBC}") = "Tests.Unit.FlueFlame.AspNetCore", "Tests.Unit.FlueFlame.AspNetCore\Tests.Unit.FlueFlame.AspNetCore.csproj", "{FBEE19A5-7109-4946-AC0C-2301D39BB5DB}"
EndProject
Project("{FAE04EC0-301F-11D3-BF4B-00C04F79EFBC}") = "Tests.Unit.FlueFlame.AspNetCore.Grpc", "Tests.Unit.FlueFlame.AspNetCore.Grpc\Tests.Unit.FlueFlame.AspNetCore.Grpc.csproj", "{16ABDFC1-6EB8-4FFA-B256-7D9C116214E0}"
EndProject
Project("{FAE04EC0-301F-11D3-BF4B-00C04F79EFBC}") = "Tests.Unit.FlueFlame.AspNetCore.SignalR", "Tests.Unit.FlueFlame.AspNetCore.SignalR\Tests.Unit.FlueFlame.AspNetCore.SignalR.csproj", "{01F6EA12-C5A5-4408-A51A-EBBB8CAFC8BB}"
EndProject
Project("{2150E333-8FDC-42A3-9474-1A3956D46DE8}") = "Examples", "Examples", "{B1C959B8-CA37-49B2-A388-80FDA3743135}"
EndProject
Project("{FAE04EC0-301F-11D3-BF4B-00C04F79EFBC}") = "Examples.Api", "Examples.Api\Examples.Api.csproj", "{43F25B75-553B-4F56-AEC4-EFCF2A98053B}"
EndProject
Project("{FAE04EC0-301F-11D3-BF4B-00C04F79EFBC}") = "Examples.Tests.Api", "Examples.Tests.Api\Examples.Tests.Api.csproj", "{41B3BA1D-F99A-4BF9-9B62-C62FB9DA414A}"
EndProject
Project("{FAE04EC0-301F-11D3-BF4B-00C04F79EFBC}") = "Examples.Domain", "Examples.Domain\Examples.Domain.csproj", "{7F800650-87B1-4B96-9596-6F294E86C10B}"
EndProject
Project("{FAE04EC0-301F-11D3-BF4B-00C04F79EFBC}") = "Examples.Infrastructure", "Examples.Infrastructure\Examples.Infrastructure.csproj", "{7106DB90-EE15-452D-BD06-F1A6F1B37C5D}"
EndProject
Project("{FAE04EC0-301F-11D3-BF4B-00C04F79EFBC}") = "Examples.FromDocs", "Examples.FromDocs\Examples.FromDocs.csproj", "{1752591E-D43B-4F65-A130-864EF21DCF92}"
EndProject
Global
	GlobalSection(SolutionConfigurationPlatforms) = preSolution
		Debug|Any CPU = Debug|Any CPU
		Release|Any CPU = Release|Any CPU
	EndGlobalSection
	GlobalSection(ProjectConfigurationPlatforms) = postSolution
		{D18A785C-59E4-4C0C-BF6E-53B232352FDF}.Debug|Any CPU.ActiveCfg = Debug|Any CPU
		{D18A785C-59E4-4C0C-BF6E-53B232352FDF}.Debug|Any CPU.Build.0 = Debug|Any CPU
		{D18A785C-59E4-4C0C-BF6E-53B232352FDF}.Release|Any CPU.ActiveCfg = Release|Any CPU
		{D18A785C-59E4-4C0C-BF6E-53B232352FDF}.Release|Any CPU.Build.0 = Release|Any CPU
		{A045850D-938C-4927-886F-BB86ABE50D1D}.Debug|Any CPU.ActiveCfg = Debug|Any CPU
		{A045850D-938C-4927-886F-BB86ABE50D1D}.Debug|Any CPU.Build.0 = Debug|Any CPU
		{A045850D-938C-4927-886F-BB86ABE50D1D}.Release|Any CPU.ActiveCfg = Release|Any CPU
		{A045850D-938C-4927-886F-BB86ABE50D1D}.Release|Any CPU.Build.0 = Release|Any CPU
		{1AFAF2F4-6324-4A78-92D1-64265F025979}.Debug|Any CPU.ActiveCfg = Debug|Any CPU
		{1AFAF2F4-6324-4A78-92D1-64265F025979}.Debug|Any CPU.Build.0 = Debug|Any CPU
		{1AFAF2F4-6324-4A78-92D1-64265F025979}.Release|Any CPU.ActiveCfg = Release|Any CPU
		{1AFAF2F4-6324-4A78-92D1-64265F025979}.Release|Any CPU.Build.0 = Release|Any CPU
		{D547B4B4-35A3-41CD-A28C-5369F841E8FE}.Debug|Any CPU.ActiveCfg = Debug|Any CPU
		{D547B4B4-35A3-41CD-A28C-5369F841E8FE}.Debug|Any CPU.Build.0 = Debug|Any CPU
		{D547B4B4-35A3-41CD-A28C-5369F841E8FE}.Release|Any CPU.ActiveCfg = Release|Any CPU
		{D547B4B4-35A3-41CD-A28C-5369F841E8FE}.Release|Any CPU.Build.0 = Release|Any CPU
		{890AAE6A-4B6D-458D-B6B0-F0A5078813A3}.Debug|Any CPU.ActiveCfg = Debug|Any CPU
		{890AAE6A-4B6D-458D-B6B0-F0A5078813A3}.Debug|Any CPU.Build.0 = Debug|Any CPU
		{890AAE6A-4B6D-458D-B6B0-F0A5078813A3}.Release|Any CPU.ActiveCfg = Release|Any CPU
		{890AAE6A-4B6D-458D-B6B0-F0A5078813A3}.Release|Any CPU.Build.0 = Release|Any CPU
		{A7410BE7-4DFF-41C2-9033-BDB278ED9D8B}.Debug|Any CPU.ActiveCfg = Debug|Any CPU
		{A7410BE7-4DFF-41C2-9033-BDB278ED9D8B}.Debug|Any CPU.Build.0 = Debug|Any CPU
		{A7410BE7-4DFF-41C2-9033-BDB278ED9D8B}.Release|Any CPU.ActiveCfg = Release|Any CPU
		{A7410BE7-4DFF-41C2-9033-BDB278ED9D8B}.Release|Any CPU.Build.0 = Release|Any CPU
		{F3A599C3-42AA-42FB-8E5E-B91EF909E842}.Debug|Any CPU.ActiveCfg = Debug|Any CPU
		{F3A599C3-42AA-42FB-8E5E-B91EF909E842}.Debug|Any CPU.Build.0 = Debug|Any CPU
		{F3A599C3-42AA-42FB-8E5E-B91EF909E842}.Release|Any CPU.ActiveCfg = Release|Any CPU
		{F3A599C3-42AA-42FB-8E5E-B91EF909E842}.Release|Any CPU.Build.0 = Release|Any CPU
		{9DEE978A-F38B-4F8A-B8E0-CCCFBB11B2A5}.Debug|Any CPU.ActiveCfg = Debug|Any CPU
		{9DEE978A-F38B-4F8A-B8E0-CCCFBB11B2A5}.Debug|Any CPU.Build.0 = Debug|Any CPU
		{9DEE978A-F38B-4F8A-B8E0-CCCFBB11B2A5}.Release|Any CPU.ActiveCfg = Release|Any CPU
		{9DEE978A-F38B-4F8A-B8E0-CCCFBB11B2A5}.Release|Any CPU.Build.0 = Release|Any CPU
		{1E11A077-C803-44C0-BC19-B5AAA756C858}.Debug|Any CPU.ActiveCfg = Debug|Any CPU
		{1E11A077-C803-44C0-BC19-B5AAA756C858}.Debug|Any CPU.Build.0 = Debug|Any CPU
		{1E11A077-C803-44C0-BC19-B5AAA756C858}.Release|Any CPU.ActiveCfg = Release|Any CPU
		{1E11A077-C803-44C0-BC19-B5AAA756C858}.Release|Any CPU.Build.0 = Release|Any CPU
		{11B7815E-AB0D-4CA5-A166-48A5BC79F588}.Debug|Any CPU.ActiveCfg = Debug|Any CPU
		{11B7815E-AB0D-4CA5-A166-48A5BC79F588}.Debug|Any CPU.Build.0 = Debug|Any CPU
		{11B7815E-AB0D-4CA5-A166-48A5BC79F588}.Release|Any CPU.ActiveCfg = Release|Any CPU
		{11B7815E-AB0D-4CA5-A166-48A5BC79F588}.Release|Any CPU.Build.0 = Release|Any CPU
		{4FC4E3A2-7D4F-4D22-9D91-8C3BFC332364}.Debug|Any CPU.ActiveCfg = Debug|Any CPU
		{4FC4E3A2-7D4F-4D22-9D91-8C3BFC332364}.Debug|Any CPU.Build.0 = Debug|Any CPU
		{4FC4E3A2-7D4F-4D22-9D91-8C3BFC332364}.Release|Any CPU.ActiveCfg = Release|Any CPU
		{4FC4E3A2-7D4F-4D22-9D91-8C3BFC332364}.Release|Any CPU.Build.0 = Release|Any CPU
		{F9CDA32E-3785-47C6-8076-3B21DF3D595D}.Debug|Any CPU.ActiveCfg = Debug|Any CPU
		{F9CDA32E-3785-47C6-8076-3B21DF3D595D}.Debug|Any CPU.Build.0 = Debug|Any CPU
		{F9CDA32E-3785-47C6-8076-3B21DF3D595D}.Release|Any CPU.ActiveCfg = Release|Any CPU
		{F9CDA32E-3785-47C6-8076-3B21DF3D595D}.Release|Any CPU.Build.0 = Release|Any CPU
		{FBEE19A5-7109-4946-AC0C-2301D39BB5DB}.Debug|Any CPU.ActiveCfg = Debug|Any CPU
		{FBEE19A5-7109-4946-AC0C-2301D39BB5DB}.Debug|Any CPU.Build.0 = Debug|Any CPU
		{FBEE19A5-7109-4946-AC0C-2301D39BB5DB}.Release|Any CPU.ActiveCfg = Release|Any CPU
		{FBEE19A5-7109-4946-AC0C-2301D39BB5DB}.Release|Any CPU.Build.0 = Release|Any CPU
		{16ABDFC1-6EB8-4FFA-B256-7D9C116214E0}.Debug|Any CPU.ActiveCfg = Debug|Any CPU
		{16ABDFC1-6EB8-4FFA-B256-7D9C116214E0}.Debug|Any CPU.Build.0 = Debug|Any CPU
		{16ABDFC1-6EB8-4FFA-B256-7D9C116214E0}.Release|Any CPU.ActiveCfg = Release|Any CPU
		{16ABDFC1-6EB8-4FFA-B256-7D9C116214E0}.Release|Any CPU.Build.0 = Release|Any CPU
		{01F6EA12-C5A5-4408-A51A-EBBB8CAFC8BB}.Debug|Any CPU.ActiveCfg = Debug|Any CPU
		{01F6EA12-C5A5-4408-A51A-EBBB8CAFC8BB}.Debug|Any CPU.Build.0 = Debug|Any CPU
		{01F6EA12-C5A5-4408-A51A-EBBB8CAFC8BB}.Release|Any CPU.ActiveCfg = Release|Any CPU
		{01F6EA12-C5A5-4408-A51A-EBBB8CAFC8BB}.Release|Any CPU.Build.0 = Release|Any CPU
		{43F25B75-553B-4F56-AEC4-EFCF2A98053B}.Debug|Any CPU.ActiveCfg = Debug|Any CPU
		{43F25B75-553B-4F56-AEC4-EFCF2A98053B}.Debug|Any CPU.Build.0 = Debug|Any CPU
		{43F25B75-553B-4F56-AEC4-EFCF2A98053B}.Release|Any CPU.ActiveCfg = Release|Any CPU
		{43F25B75-553B-4F56-AEC4-EFCF2A98053B}.Release|Any CPU.Build.0 = Release|Any CPU
		{41B3BA1D-F99A-4BF9-9B62-C62FB9DA414A}.Debug|Any CPU.ActiveCfg = Debug|Any CPU
		{41B3BA1D-F99A-4BF9-9B62-C62FB9DA414A}.Debug|Any CPU.Build.0 = Debug|Any CPU
		{41B3BA1D-F99A-4BF9-9B62-C62FB9DA414A}.Release|Any CPU.ActiveCfg = Release|Any CPU
		{41B3BA1D-F99A-4BF9-9B62-C62FB9DA414A}.Release|Any CPU.Build.0 = Release|Any CPU
		{7F800650-87B1-4B96-9596-6F294E86C10B}.Debug|Any CPU.ActiveCfg = Debug|Any CPU
		{7F800650-87B1-4B96-9596-6F294E86C10B}.Debug|Any CPU.Build.0 = Debug|Any CPU
		{7F800650-87B1-4B96-9596-6F294E86C10B}.Release|Any CPU.ActiveCfg = Release|Any CPU
		{7F800650-87B1-4B96-9596-6F294E86C10B}.Release|Any CPU.Build.0 = Release|Any CPU
		{7106DB90-EE15-452D-BD06-F1A6F1B37C5D}.Debug|Any CPU.ActiveCfg = Debug|Any CPU
		{7106DB90-EE15-452D-BD06-F1A6F1B37C5D}.Debug|Any CPU.Build.0 = Debug|Any CPU
		{7106DB90-EE15-452D-BD06-F1A6F1B37C5D}.Release|Any CPU.ActiveCfg = Release|Any CPU
		{7106DB90-EE15-452D-BD06-F1A6F1B37C5D}.Release|Any CPU.Build.0 = Release|Any CPU
		{1752591E-D43B-4F65-A130-864EF21DCF92}.Debug|Any CPU.ActiveCfg = Debug|Any CPU
		{1752591E-D43B-4F65-A130-864EF21DCF92}.Debug|Any CPU.Build.0 = Debug|Any CPU
		{1752591E-D43B-4F65-A130-864EF21DCF92}.Release|Any CPU.ActiveCfg = Release|Any CPU
		{1752591E-D43B-4F65-A130-864EF21DCF92}.Release|Any CPU.Build.0 = Release|Any CPU
	EndGlobalSection
	GlobalSection(SolutionProperties) = preSolution
		HideSolutionNode = FALSE
	EndGlobalSection
	GlobalSection(ExtensibilityGlobals) = postSolution
		SolutionGuid = {B78CE7FF-3BF6-4C3E-87E4-DA086493CBE9}
	EndGlobalSection
	GlobalSection(NestedProjects) = preSolution
		{8A0DE072-8B37-4692-A582-52587BE70C4A} = {C78E569B-45B7-4BBE-80B4-1A18624AFC14}
		{CF3CE833-2D6B-40B3-BCF1-1D3118DE341F} = {C78E569B-45B7-4BBE-80B4-1A18624AFC14}
		{890AAE6A-4B6D-458D-B6B0-F0A5078813A3} = {AC800CDB-9241-4CC6-9898-FA5E9AD01E64}
		{A7410BE7-4DFF-41C2-9033-BDB278ED9D8B} = {1744C692-7EB7-4819-8A15-532512EF0E2E}
		{1E11A077-C803-44C0-BC19-B5AAA756C858} = {1744C692-7EB7-4819-8A15-532512EF0E2E}
		{1AFAF2F4-6324-4A78-92D1-64265F025979} = {1744C692-7EB7-4819-8A15-532512EF0E2E}
		{9DEE978A-F38B-4F8A-B8E0-CCCFBB11B2A5} = {1744C692-7EB7-4819-8A15-532512EF0E2E}
		{F3A599C3-42AA-42FB-8E5E-B91EF909E842} = {1744C692-7EB7-4819-8A15-532512EF0E2E}
		{11B7815E-AB0D-4CA5-A166-48A5BC79F588} = {1744C692-7EB7-4819-8A15-532512EF0E2E}
		{D18A785C-59E4-4C0C-BF6E-53B232352FDF} = {8A0DE072-8B37-4692-A582-52587BE70C4A}
		{AC800CDB-9241-4CC6-9898-FA5E9AD01E64} = {C78E569B-45B7-4BBE-80B4-1A18624AFC14}
		{A045850D-938C-4927-886F-BB86ABE50D1D} = {CF3CE833-2D6B-40B3-BCF1-1D3118DE341F}
		{D547B4B4-35A3-41CD-A28C-5369F841E8FE} = {CF3CE833-2D6B-40B3-BCF1-1D3118DE341F}
		{4FC4E3A2-7D4F-4D22-9D91-8C3BFC332364} = {AC800CDB-9241-4CC6-9898-FA5E9AD01E64}
		{F9CDA32E-3785-47C6-8076-3B21DF3D595D} = {AC800CDB-9241-4CC6-9898-FA5E9AD01E64}
		{FBEE19A5-7109-4946-AC0C-2301D39BB5DB} = {AC800CDB-9241-4CC6-9898-FA5E9AD01E64}
		{16ABDFC1-6EB8-4FFA-B256-7D9C116214E0} = {AC800CDB-9241-4CC6-9898-FA5E9AD01E64}
		{01F6EA12-C5A5-4408-A51A-EBBB8CAFC8BB} = {AC800CDB-9241-4CC6-9898-FA5E9AD01E64}
		{43F25B75-553B-4F56-AEC4-EFCF2A98053B} = {B1C959B8-CA37-49B2-A388-80FDA3743135}
		{41B3BA1D-F99A-4BF9-9B62-C62FB9DA414A} = {B1C959B8-CA37-49B2-A388-80FDA3743135}
		{7F800650-87B1-4B96-9596-6F294E86C10B} = {B1C959B8-CA37-49B2-A388-80FDA3743135}
		{7106DB90-EE15-452D-BD06-F1A6F1B37C5D} = {B1C959B8-CA37-49B2-A388-80FDA3743135}
		{1752591E-D43B-4F65-A130-864EF21DCF92} = {B1C959B8-CA37-49B2-A388-80FDA3743135}
	EndGlobalSection
EndGlobal
